
Microsoft Visual Studio Solution File, Format Version 12.00
# Visual Studio Version 16
VisualStudioVersion = 16.0.30114.105
MinimumVisualStudioVersion = 10.0.40219.1
Project("{9A19103F-16F7-4668-BE54-9A1E7A4F7556}") = "Lingualizr.Tests", "src\Lingualizr.Tests\Lingualizr.Tests.csproj", "{F886A8DA-3EFC-4A89-91DD-06FAF13DA172}"
EndProject
Project("{9A19103F-16F7-4668-BE54-9A1E7A4F7556}") = "Lingualizr", "src\Lingualizr\Lingualizr.csproj", "{511A7984-F455-4A6E-ADB9-9CAAC47EA079}"
EndProject
Project("{2150E333-8FDC-42A3-9474-1A3956D46DE8}") = "Solution Items", "Solution Items", "{4779A7C9-9ED8-4146-A158-FBE0B1BE09D9}"
	ProjectSection(SolutionItems) = preProject
		.editorconfig = .editorconfig
		.gitattributes = .gitattributes
		.gitignore = .gitignore
		LICENSE = LICENSE
		readme.md = readme.md
	EndProjectSection
EndProject
Project("{2150E333-8FDC-42A3-9474-1A3956D46DE8}") = "Samples", "Samples", "{1ABFDC1F-EAB0-48E1-B27E-388619899018}"
EndProject
Project("{2150E333-8FDC-42A3-9474-1A3956D46DE8}") = "Tests", "Tests", "{04B74BEC-A645-4D1A-BE21-F4EB4413A903}"
EndProject
Project("{2150E333-8FDC-42A3-9474-1A3956D46DE8}") = ".github", ".github", "{9D6AED71-BC9D-4439-A219-B805E63C0AA2}"
	ProjectSection(SolutionItems) = preProject
		.github\workflows\dotnet.yml = .github\workflows\dotnet.yml
	EndProjectSection
EndProject
Project("{2150E333-8FDC-42A3-9474-1A3956D46DE8}") = "src", "src", "{45A3DBE6-51C8-4FD8-9123-7D063DFA8EE7}"
	ProjectSection(SolutionItems) = preProject
		src\CodeCoverage.runsettings = src\CodeCoverage.runsettings
		src\Directory.build.props = src\Directory.build.props
		src\global.json = src\global.json
		src\Lingualizr.ruleset = src\Lingualizr.ruleset
	EndProjectSection
EndProject
Global
	GlobalSection(SharedMSBuildProjectFiles) = preSolution
		Lingualizr.Tests.Shared\Lingualizr.Tests.Shared.projitems*{261367ca-00c7-4832-bd26-200cff8f575f}*SharedItemsImports = 4
		Lingualizr.Tests.Shared\Lingualizr.Tests.Shared.projitems*{f0dc7771-ce59-4f3c-b160-56f661f5d220}*SharedItemsImports = 4
		Lingualizr.Tests.Shared\Lingualizr.Tests.Shared.projitems*{fdec244b-f07e-4a5e-bb80-fbc6ac77a9aa}*SharedItemsImports = 13
	EndGlobalSection
	GlobalSection(SolutionConfigurationPlatforms) = preSolution
		Debug|Any CPU = Debug|Any CPU
		Debug|ARM = Debug|ARM
		Debug|x64 = Debug|x64
		Debug|x86 = Debug|x86
		Release|Any CPU = Release|Any CPU
		Release|ARM = Release|ARM
		Release|x64 = Release|x64
		Release|x86 = Release|x86
	EndGlobalSection
	GlobalSection(ProjectConfigurationPlatforms) = postSolution
		{F886A8DA-3EFC-4A89-91DD-06FAF13DA172}.Debug|Any CPU.ActiveCfg = Debug|Any CPU
		{F886A8DA-3EFC-4A89-91DD-06FAF13DA172}.Debug|Any CPU.Build.0 = Debug|Any CPU
		{F886A8DA-3EFC-4A89-91DD-06FAF13DA172}.Debug|ARM.ActiveCfg = Debug|Any CPU
		{F886A8DA-3EFC-4A89-91DD-06FAF13DA172}.Debug|ARM.Build.0 = Debug|Any CPU
		{F886A8DA-3EFC-4A89-91DD-06FAF13DA172}.Debug|x64.ActiveCfg = Debug|Any CPU
		{F886A8DA-3EFC-4A89-91DD-06FAF13DA172}.Debug|x64.Build.0 = Debug|Any CPU
		{F886A8DA-3EFC-4A89-91DD-06FAF13DA172}.Debug|x86.ActiveCfg = Debug|Any CPU
		{F886A8DA-3EFC-4A89-91DD-06FAF13DA172}.Debug|x86.Build.0 = Debug|Any CPU
		{F886A8DA-3EFC-4A89-91DD-06FAF13DA172}.Release|Any CPU.ActiveCfg = Release|Any CPU
		{F886A8DA-3EFC-4A89-91DD-06FAF13DA172}.Release|Any CPU.Build.0 = Release|Any CPU
		{F886A8DA-3EFC-4A89-91DD-06FAF13DA172}.Release|ARM.ActiveCfg = Release|Any CPU
		{F886A8DA-3EFC-4A89-91DD-06FAF13DA172}.Release|ARM.Build.0 = Release|Any CPU
		{F886A8DA-3EFC-4A89-91DD-06FAF13DA172}.Release|x64.ActiveCfg = Release|Any CPU
		{F886A8DA-3EFC-4A89-91DD-06FAF13DA172}.Release|x64.Build.0 = Release|Any CPU
		{F886A8DA-3EFC-4A89-91DD-06FAF13DA172}.Release|x86.ActiveCfg = Release|Any CPU
		{F886A8DA-3EFC-4A89-91DD-06FAF13DA172}.Release|x86.Build.0 = Release|Any CPU
		{511A7984-F455-4A6E-ADB9-9CAAC47EA079}.Debug|Any CPU.ActiveCfg = Debug|Any CPU
		{511A7984-F455-4A6E-ADB9-9CAAC47EA079}.Debug|Any CPU.Build.0 = Debug|Any CPU
		{511A7984-F455-4A6E-ADB9-9CAAC47EA079}.Debug|ARM.ActiveCfg = Debug|Any CPU
		{511A7984-F455-4A6E-ADB9-9CAAC47EA079}.Debug|ARM.Build.0 = Debug|Any CPU
		{511A7984-F455-4A6E-ADB9-9CAAC47EA079}.Debug|x64.ActiveCfg = Debug|Any CPU
		{511A7984-F455-4A6E-ADB9-9CAAC47EA079}.Debug|x64.Build.0 = Debug|Any CPU
		{511A7984-F455-4A6E-ADB9-9CAAC47EA079}.Debug|x86.ActiveCfg = Debug|Any CPU
		{511A7984-F455-4A6E-ADB9-9CAAC47EA079}.Debug|x86.Build.0 = Debug|Any CPU
		{511A7984-F455-4A6E-ADB9-9CAAC47EA079}.Release|Any CPU.ActiveCfg = Release|Any CPU
		{511A7984-F455-4A6E-ADB9-9CAAC47EA079}.Release|Any CPU.Build.0 = Release|Any CPU
		{511A7984-F455-4A6E-ADB9-9CAAC47EA079}.Release|ARM.ActiveCfg = Release|Any CPU
		{511A7984-F455-4A6E-ADB9-9CAAC47EA079}.Release|ARM.Build.0 = Release|Any CPU
		{511A7984-F455-4A6E-ADB9-9CAAC47EA079}.Release|x64.ActiveCfg = Release|Any CPU
		{511A7984-F455-4A6E-ADB9-9CAAC47EA079}.Release|x64.Build.0 = Release|Any CPU
		{511A7984-F455-4A6E-ADB9-9CAAC47EA079}.Release|x86.ActiveCfg = Release|Any CPU
		{511A7984-F455-4A6E-ADB9-9CAAC47EA079}.Release|x86.Build.0 = Release|Any CPU
	EndGlobalSection
	GlobalSection(SolutionProperties) = preSolution
		HideSolutionNode = FALSE
	EndGlobalSection
	GlobalSection(NestedProjects) = preSolution
		{F886A8DA-3EFC-4A89-91DD-06FAF13DA172} = {04B74BEC-A645-4D1A-BE21-F4EB4413A903}
		{9D6AED71-BC9D-4439-A219-B805E63C0AA2} = {4779A7C9-9ED8-4146-A158-FBE0B1BE09D9}
		{45A3DBE6-51C8-4FD8-9123-7D063DFA8EE7} = {4779A7C9-9ED8-4146-A158-FBE0B1BE09D9}
	EndGlobalSection
	GlobalSection(ExtensibilityGlobals) = postSolution
		SolutionGuid = {E4063A70-EE14-49AE-A6C4-3108B1CA70EF}
	EndGlobalSection
EndGlobal
